
Microsoft Visual Studio Solution File, Format Version 12.00
# Visual Studio Version 16
VisualStudioVersion = 16.0.32602.291
MinimumVisualStudioVersion = 10.0.40219.1
Project("{8BC9CEB8-8B4A-11D0-8D11-00A0C91BC942}") = "Replace files", "Replace files\Replace files.vcxproj", "{7BB411B3-332B-484D-BCC3-DA991AAEC97D}"
EndProject
Global
	GlobalSection(SolutionConfigurationPlatforms) = preSolution
		Debug|x64 = Debug|x64
		Debug|x86 = Debug|x86
		Release|x64 = Release|x64
		Release|x86 = Release|x86
	EndGlobalSection
	GlobalSection(ProjectConfigurationPlatforms) = postSolution
		{7BB411B3-332B-484D-BCC3-DA991AAEC97D}.Debug|x64.ActiveCfg = Debug|x64
		{7BB411B3-332B-484D-BCC3-DA991AAEC97D}.Debug|x64.Build.0 = Debug|x64
		{7BB411B3-332B-484D-BCC3-DA991AAEC97D}.Debug|x86.ActiveCfg = Debug|Win32
		{7BB411B3-332B-484D-BCC3-DA991AAEC97D}.Debug|x86.Build.0 = Debug|Win32
		{7BB411B3-332B-484D-BCC3-DA991AAEC97D}.Release|x64.ActiveCfg = Release|x64
		{7BB411B3-332B-484D-BCC3-DA991AAEC97D}.Release|x64.Build.0 = Release|x64
		{7BB411B3-332B-484D-BCC3-DA991AAEC97D}.Release|x86.ActiveCfg = Release|Win32
		{7BB411B3-332B-484D-BCC3-DA991AAEC97D}.Release|x86.Build.0 = Release|Win32
	EndGlobalSection
	GlobalSection(SolutionProperties) = preSolution
		HideSolutionNode = FALSE
	EndGlobalSection
	GlobalSection(ExtensibilityGlobals) = postSolution
		SolutionGuid = {EB38AC5B-6827-4C85-B0BF-555C0AF811E1}
	EndGlobalSection
EndGlobal
